// !$*UTF8*$!
{
	archiveVersion = 1;
	classes = {
	};
	objectVersion = 46;
	objects = {

/* Begin PBXBuildFile section */
		288FE89F1F16653A00C8DF71 /* AppDelegate.swift in Sources */ = {isa = PBXBuildFile; fileRef = 288FE89E1F16653A00C8DF71 /* AppDelegate.swift */; };
		288FE8A41F16653A00C8DF71 /* Main.storyboard in Resources */ = {isa = PBXBuildFile; fileRef = 288FE8A21F16653A00C8DF71 /* Main.storyboard */; };
		288FE8A61F16653A00C8DF71 /* Assets.xcassets in Resources */ = {isa = PBXBuildFile; fileRef = 288FE8A51F16653A00C8DF71 /* Assets.xcassets */; };
		288FE8A91F16653A00C8DF71 /* LaunchScreen.storyboard in Resources */ = {isa = PBXBuildFile; fileRef = 288FE8A71F16653A00C8DF71 /* LaunchScreen.storyboard */; };
		288FE8B51F1676B500C8DF71 /* DatabaseManager.swift in Sources */ = {isa = PBXBuildFile; fileRef = 288FE8B41F1676B500C8DF71 /* DatabaseManager.swift */; };
		288FE8B81F1676DC00C8DF71 /* CarEntity.swift in Sources */ = {isa = PBXBuildFile; fileRef = 288FE8B71F1676DC00C8DF71 /* CarEntity.swift */; };
		288FE8BA1F1676E700C8DF71 /* OwnerEntity.swift in Sources */ = {isa = PBXBuildFile; fileRef = 288FE8B91F1676E700C8DF71 /* OwnerEntity.swift */; };
		288FE8C11F167C7600C8DF71 /* DatabaseMethods.swift in Sources */ = {isa = PBXBuildFile; fileRef = 288FE8C01F167C7600C8DF71 /* DatabaseMethods.swift */; };
		288FE8CA1F16DFCA00C8DF71 /* libsqlite3.0.tbd in Frameworks */ = {isa = PBXBuildFile; fileRef = 288FE8C91F16DFCA00C8DF71 /* libsqlite3.0.tbd */; };
		288FE8D31F16EEBD00C8DF71 /* transport.sqlite in Resources */ = {isa = PBXBuildFile; fileRef = 288FE8D21F16EEBD00C8DF71 /* transport.sqlite */; };
		288FE8D61F177D1300C8DF71 /* BaseDataSource.swift in Sources */ = {isa = PBXBuildFile; fileRef = 288FE8D51F177D1300C8DF71 /* BaseDataSource.swift */; };
		288FE8D81F17AFBC00C8DF71 /* CarsDataSource.swift in Sources */ = {isa = PBXBuildFile; fileRef = 288FE8D71F17AFBC00C8DF71 /* CarsDataSource.swift */; };
		288FE8DA1F17AFCD00C8DF71 /* OwnersDataSource.swift in Sources */ = {isa = PBXBuildFile; fileRef = 288FE8D91F17AFCD00C8DF71 /* OwnersDataSource.swift */; };
		288FE8DC1F17B0FA00C8DF71 /* BaseEntity.swift in Sources */ = {isa = PBXBuildFile; fileRef = 288FE8DB1F17B0FA00C8DF71 /* BaseEntity.swift */; };
		288FE8DE1F17EAE400C8DF71 /* BaseViewController.swift in Sources */ = {isa = PBXBuildFile; fileRef = 288FE8DD1F17EAE400C8DF71 /* BaseViewController.swift */; };
		288FE8E51F17FB8100C8DF71 /* CarTableViewCell.swift in Sources */ = {isa = PBXBuildFile; fileRef = 288FE8E31F17FB8100C8DF71 /* CarTableViewCell.swift */; };
		288FE8E61F17FB8100C8DF71 /* CarTableViewCell.xib in Resources */ = {isa = PBXBuildFile; fileRef = 288FE8E41F17FB8100C8DF71 /* CarTableViewCell.xib */; };
		288FE8ED1F17FBDC00C8DF71 /* OwnerTableViewCell.swift in Sources */ = {isa = PBXBuildFile; fileRef = 288FE8EB1F17FBDC00C8DF71 /* OwnerTableViewCell.swift */; };
		288FE8EE1F17FBDC00C8DF71 /* OwnerTableViewCell.xib in Resources */ = {isa = PBXBuildFile; fileRef = 288FE8EC1F17FBDC00C8DF71 /* OwnerTableViewCell.xib */; };
		288FE8F01F17FD5000C8DF71 /* CarsViewController.swift in Sources */ = {isa = PBXBuildFile; fileRef = 288FE8EF1F17FD5000C8DF71 /* CarsViewController.swift */; };
		288FE8F21F17FD6900C8DF71 /* OwnersViewController.swift in Sources */ = {isa = PBXBuildFile; fileRef = 288FE8F11F17FD6900C8DF71 /* OwnersViewController.swift */; };
		288FE8F51F1820B600C8DF71 /* DataManagmentViewController.swift in Sources */ = {isa = PBXBuildFile; fileRef = 288FE8F41F1820B600C8DF71 /* DataManagmentViewController.swift */; };
		288FE8F81F18214A00C8DF71 /* DataViewController.swift in Sources */ = {isa = PBXBuildFile; fileRef = 288FE8F71F18214A00C8DF71 /* DataViewController.swift */; };
		288FE8FE1F182F1A00C8DF71 /* DatabaseUtilities.swift in Sources */ = {isa = PBXBuildFile; fileRef = 288FE8FD1F182F1A00C8DF71 /* DatabaseUtilities.swift */; };
		288FE9001F18382600C8DF71 /* CarManagmentViewController.swift in Sources */ = {isa = PBXBuildFile; fileRef = 288FE8FF1F18382600C8DF71 /* CarManagmentViewController.swift */; };
		288FE9021F18383C00C8DF71 /* OwnerManagmentViewController.swift in Sources */ = {isa = PBXBuildFile; fileRef = 288FE9011F18383C00C8DF71 /* OwnerManagmentViewController.swift */; };
		288FE9041F18448100C8DF71 /* StoryboardUtilities.swift in Sources */ = {isa = PBXBuildFile; fileRef = 288FE9031F18448100C8DF71 /* StoryboardUtilities.swift */; };
		3B438D4D6A81089C5C1A71C2 /* Pods_TransportTest.framework in Frameworks */ = {isa = PBXBuildFile; fileRef = D88FD9E6F7A9A5C1543D48EE /* Pods_TransportTest.framework */; };
/* End PBXBuildFile section */

/* Begin PBXFileReference section */
		288FE89B1F16653A00C8DF71 /* TransportTest.app */ = {isa = PBXFileReference; explicitFileType = wrapper.application; includeInIndex = 0; path = TransportTest.app; sourceTree = BUILT_PRODUCTS_DIR; };
		288FE89E1F16653A00C8DF71 /* AppDelegate.swift */ = {isa = PBXFileReference; lastKnownFileType = sourcecode.swift; path = AppDelegate.swift; sourceTree = "<group>"; };
		288FE8A31F16653A00C8DF71 /* Base */ = {isa = PBXFileReference; lastKnownFileType = file.storyboard; name = Base; path = Base.lproj/Main.storyboard; sourceTree = "<group>"; };
		288FE8A51F16653A00C8DF71 /* Assets.xcassets */ = {isa = PBXFileReference; lastKnownFileType = folder.assetcatalog; path = Assets.xcassets; sourceTree = "<group>"; };
		288FE8A81F16653A00C8DF71 /* Base */ = {isa = PBXFileReference; lastKnownFileType = file.storyboard; name = Base; path = Base.lproj/LaunchScreen.storyboard; sourceTree = "<group>"; };
		288FE8AA1F16653A00C8DF71 /* Info.plist */ = {isa = PBXFileReference; lastKnownFileType = text.plist.xml; path = Info.plist; sourceTree = "<group>"; };
		288FE8B11F16655E00C8DF71 /* libsqlite3.tbd */ = {isa = PBXFileReference; lastKnownFileType = "sourcecode.text-based-dylib-definition"; name = libsqlite3.tbd; path = usr/lib/libsqlite3.tbd; sourceTree = SDKROOT; };
		288FE8B41F1676B500C8DF71 /* DatabaseManager.swift */ = {isa = PBXFileReference; fileEncoding = 4; lastKnownFileType = sourcecode.swift; path = DatabaseManager.swift; sourceTree = "<group>"; };
		288FE8B71F1676DC00C8DF71 /* CarEntity.swift */ = {isa = PBXFileReference; fileEncoding = 4; lastKnownFileType = sourcecode.swift; path = CarEntity.swift; sourceTree = "<group>"; };
		288FE8B91F1676E700C8DF71 /* OwnerEntity.swift */ = {isa = PBXFileReference; fileEncoding = 4; lastKnownFileType = sourcecode.swift; path = OwnerEntity.swift; sourceTree = "<group>"; };
		288FE8BB1F16777700C8DF71 /* TransportTest-Bridging-Header.h */ = {isa = PBXFileReference; lastKnownFileType = sourcecode.c.h; path = "TransportTest-Bridging-Header.h"; sourceTree = "<group>"; };
		288FE8C01F167C7600C8DF71 /* DatabaseMethods.swift */ = {isa = PBXFileReference; fileEncoding = 4; lastKnownFileType = sourcecode.swift; path = DatabaseMethods.swift; sourceTree = "<group>"; };
		288FE8C91F16DFCA00C8DF71 /* libsqlite3.0.tbd */ = {isa = PBXFileReference; lastKnownFileType = "sourcecode.text-based-dylib-definition"; name = libsqlite3.0.tbd; path = usr/lib/libsqlite3.0.tbd; sourceTree = SDKROOT; };
		288FE8D21F16EEBD00C8DF71 /* transport.sqlite */ = {isa = PBXFileReference; lastKnownFileType = file; path = transport.sqlite; sourceTree = "<group>"; };
		288FE8D51F177D1300C8DF71 /* BaseDataSource.swift */ = {isa = PBXFileReference; fileEncoding = 4; lastKnownFileType = sourcecode.swift; path = BaseDataSource.swift; sourceTree = "<group>"; };
		288FE8D71F17AFBC00C8DF71 /* CarsDataSource.swift */ = {isa = PBXFileReference; fileEncoding = 4; lastKnownFileType = sourcecode.swift; path = CarsDataSource.swift; sourceTree = "<group>"; };
		288FE8D91F17AFCD00C8DF71 /* OwnersDataSource.swift */ = {isa = PBXFileReference; fileEncoding = 4; lastKnownFileType = sourcecode.swift; path = OwnersDataSource.swift; sourceTree = "<group>"; };
		288FE8DB1F17B0FA00C8DF71 /* BaseEntity.swift */ = {isa = PBXFileReference; fileEncoding = 4; lastKnownFileType = sourcecode.swift; path = BaseEntity.swift; sourceTree = "<group>"; };
		288FE8DD1F17EAE400C8DF71 /* BaseViewController.swift */ = {isa = PBXFileReference; fileEncoding = 4; lastKnownFileType = sourcecode.swift; path = BaseViewController.swift; sourceTree = "<group>"; };
		288FE8E31F17FB8100C8DF71 /* CarTableViewCell.swift */ = {isa = PBXFileReference; fileEncoding = 4; lastKnownFileType = sourcecode.swift; path = CarTableViewCell.swift; sourceTree = "<group>"; };
		288FE8E41F17FB8100C8DF71 /* CarTableViewCell.xib */ = {isa = PBXFileReference; fileEncoding = 4; lastKnownFileType = file.xib; path = CarTableViewCell.xib; sourceTree = "<group>"; };
		288FE8EB1F17FBDC00C8DF71 /* OwnerTableViewCell.swift */ = {isa = PBXFileReference; fileEncoding = 4; lastKnownFileType = sourcecode.swift; path = OwnerTableViewCell.swift; sourceTree = "<group>"; };
		288FE8EC1F17FBDC00C8DF71 /* OwnerTableViewCell.xib */ = {isa = PBXFileReference; fileEncoding = 4; lastKnownFileType = file.xib; path = OwnerTableViewCell.xib; sourceTree = "<group>"; };
		288FE8EF1F17FD5000C8DF71 /* CarsViewController.swift */ = {isa = PBXFileReference; fileEncoding = 4; lastKnownFileType = sourcecode.swift; path = CarsViewController.swift; sourceTree = "<group>"; };
		288FE8F11F17FD6900C8DF71 /* OwnersViewController.swift */ = {isa = PBXFileReference; fileEncoding = 4; lastKnownFileType = sourcecode.swift; path = OwnersViewController.swift; sourceTree = "<group>"; };
		288FE8F41F1820B600C8DF71 /* DataManagmentViewController.swift */ = {isa = PBXFileReference; fileEncoding = 4; lastKnownFileType = sourcecode.swift; path = DataManagmentViewController.swift; sourceTree = "<group>"; };
		288FE8F71F18214A00C8DF71 /* DataViewController.swift */ = {isa = PBXFileReference; fileEncoding = 4; lastKnownFileType = sourcecode.swift; path = DataViewController.swift; sourceTree = "<group>"; };
		288FE8FD1F182F1A00C8DF71 /* DatabaseUtilities.swift */ = {isa = PBXFileReference; fileEncoding = 4; lastKnownFileType = sourcecode.swift; path = DatabaseUtilities.swift; sourceTree = "<group>"; };
		288FE8FF1F18382600C8DF71 /* CarManagmentViewController.swift */ = {isa = PBXFileReference; fileEncoding = 4; lastKnownFileType = sourcecode.swift; path = CarManagmentViewController.swift; sourceTree = "<group>"; };
		288FE9011F18383C00C8DF71 /* OwnerManagmentViewController.swift */ = {isa = PBXFileReference; fileEncoding = 4; lastKnownFileType = sourcecode.swift; path = OwnerManagmentViewController.swift; sourceTree = "<group>"; };
		288FE9031F18448100C8DF71 /* StoryboardUtilities.swift */ = {isa = PBXFileReference; fileEncoding = 4; lastKnownFileType = sourcecode.swift; path = StoryboardUtilities.swift; sourceTree = "<group>"; };
		B3196711C0CA6FCBEC5CBA32 /* Pods-TransportTest.debug.xcconfig */ = {isa = PBXFileReference; includeInIndex = 1; lastKnownFileType = text.xcconfig; name = "Pods-TransportTest.debug.xcconfig"; path = "Pods/Target Support Files/Pods-TransportTest/Pods-TransportTest.debug.xcconfig"; sourceTree = "<group>"; };
		D88FD9E6F7A9A5C1543D48EE /* Pods_TransportTest.framework */ = {isa = PBXFileReference; explicitFileType = wrapper.framework; includeInIndex = 0; path = Pods_TransportTest.framework; sourceTree = BUILT_PRODUCTS_DIR; };
		EE32270CC46E280DCB2B209C /* Pods-TransportTest.release.xcconfig */ = {isa = PBXFileReference; includeInIndex = 1; lastKnownFileType = text.xcconfig; name = "Pods-TransportTest.release.xcconfig"; path = "Pods/Target Support Files/Pods-TransportTest/Pods-TransportTest.release.xcconfig"; sourceTree = "<group>"; };
/* End PBXFileReference section */

/* Begin PBXFrameworksBuildPhase section */
		288FE8981F16653A00C8DF71 /* Frameworks */ = {
			isa = PBXFrameworksBuildPhase;
			buildActionMask = 2147483647;
			files = (
				288FE8CA1F16DFCA00C8DF71 /* libsqlite3.0.tbd in Frameworks */,
				3B438D4D6A81089C5C1A71C2 /* Pods_TransportTest.framework in Frameworks */,
			);
			runOnlyForDeploymentPostprocessing = 0;
		};
/* End PBXFrameworksBuildPhase section */

/* Begin PBXGroup section */
		288FE8921F16653A00C8DF71 = {
			isa = PBXGroup;
			children = (
				288FE89D1F16653A00C8DF71 /* TransportTest */,
				288FE89C1F16653A00C8DF71 /* Products */,
				288FE8B01F16655E00C8DF71 /* Frameworks */,
				9C7E314BCDDA3C967485F161 /* Pods */,
				288FE8BB1F16777700C8DF71 /* TransportTest-Bridging-Header.h */,
			);
			sourceTree = "<group>";
		};
		288FE89C1F16653A00C8DF71 /* Products */ = {
			isa = PBXGroup;
			children = (
				288FE89B1F16653A00C8DF71 /* TransportTest.app */,
			);
			name = Products;
			sourceTree = "<group>";
		};
		288FE89D1F16653A00C8DF71 /* TransportTest */ = {
			isa = PBXGroup;
			children = (
				288FE8C61F16D32800C8DF71 /* Utilities */,
				288FE8B31F16758300C8DF71 /* Core */,
				288FE8C51F16D06000C8DF71 /* Views */,
				288FE8C41F16D05500C8DF71 /* ViewControllers */,
				288FE89E1F16653A00C8DF71 /* AppDelegate.swift */,
				288FE8A21F16653A00C8DF71 /* Main.storyboard */,
				288FE8A51F16653A00C8DF71 /* Assets.xcassets */,
				288FE8A71F16653A00C8DF71 /* LaunchScreen.storyboard */,
				288FE8AA1F16653A00C8DF71 /* Info.plist */,
			);
			path = TransportTest;
			sourceTree = "<group>";
		};
		288FE8B01F16655E00C8DF71 /* Frameworks */ = {
			isa = PBXGroup;
			children = (
				288FE8C91F16DFCA00C8DF71 /* libsqlite3.0.tbd */,
				288FE8B11F16655E00C8DF71 /* libsqlite3.tbd */,
				D88FD9E6F7A9A5C1543D48EE /* Pods_TransportTest.framework */,
			);
			name = Frameworks;
			sourceTree = "<group>";
		};
		288FE8B31F16758300C8DF71 /* Core */ = {
			isa = PBXGroup;
			children = (
				288FE8D41F177CF700C8DF71 /* DataSources */,
				288FE8B61F1676B900C8DF71 /* Entities */,
				288FE8B41F1676B500C8DF71 /* DatabaseManager.swift */,
				288FE8C01F167C7600C8DF71 /* DatabaseMethods.swift */,
				288FE8D21F16EEBD00C8DF71 /* transport.sqlite */,
			);
			name = Core;
			sourceTree = "<group>";
		};
		288FE8B61F1676B900C8DF71 /* Entities */ = {
			isa = PBXGroup;
			children = (
				288FE8B71F1676DC00C8DF71 /* CarEntity.swift */,
				288FE8B91F1676E700C8DF71 /* OwnerEntity.swift */,
				288FE8DB1F17B0FA00C8DF71 /* BaseEntity.swift */,
			);
			name = Entities;
			sourceTree = "<group>";
		};
		288FE8C41F16D05500C8DF71 /* ViewControllers */ = {
			isa = PBXGroup;
			children = (
				288FE8DD1F17EAE400C8DF71 /* BaseViewController.swift */,
				288FE8F31F1800F400C8DF71 /* DataViewControllers */,
				288FE8F61F1820F000C8DF71 /* ManagmentViewControllers */,
			);
			name = ViewControllers;
			sourceTree = "<group>";
		};
		288FE8C51F16D06000C8DF71 /* Views */ = {
			isa = PBXGroup;
			children = (
				288FE8E81F17FBB400C8DF71 /* OwnerCell */,
				288FE8E71F17FBAA00C8DF71 /* CarCell */,
			);
			name = Views;
			sourceTree = "<group>";
		};
		288FE8C61F16D32800C8DF71 /* Utilities */ = {
			isa = PBXGroup;
			children = (
				288FE8FD1F182F1A00C8DF71 /* DatabaseUtilities.swift */,
				288FE9031F18448100C8DF71 /* StoryboardUtilities.swift */,
			);
			name = Utilities;
			sourceTree = "<group>";
		};
		288FE8D41F177CF700C8DF71 /* DataSources */ = {
			isa = PBXGroup;
			children = (
				288FE8D51F177D1300C8DF71 /* BaseDataSource.swift */,
				288FE8D71F17AFBC00C8DF71 /* CarsDataSource.swift */,
				288FE8D91F17AFCD00C8DF71 /* OwnersDataSource.swift */,
			);
			name = DataSources;
			sourceTree = "<group>";
		};
		288FE8E71F17FBAA00C8DF71 /* CarCell */ = {
			isa = PBXGroup;
			children = (
				288FE8E31F17FB8100C8DF71 /* CarTableViewCell.swift */,
				288FE8E41F17FB8100C8DF71 /* CarTableViewCell.xib */,
			);
			name = CarCell;
			sourceTree = "<group>";
		};
		288FE8E81F17FBB400C8DF71 /* OwnerCell */ = {
			isa = PBXGroup;
			children = (
				288FE8EB1F17FBDC00C8DF71 /* OwnerTableViewCell.swift */,
				288FE8EC1F17FBDC00C8DF71 /* OwnerTableViewCell.xib */,
			);
			name = OwnerCell;
			sourceTree = "<group>";
		};
		288FE8F31F1800F400C8DF71 /* DataViewControllers */ = {
			isa = PBXGroup;
			children = (
				288FE8F71F18214A00C8DF71 /* DataViewController.swift */,
				288FE8EF1F17FD5000C8DF71 /* CarsViewController.swift */,
				288FE8F11F17FD6900C8DF71 /* OwnersViewController.swift */,
			);
			name = DataViewControllers;
			sourceTree = "<group>";
		};
		288FE8F61F1820F000C8DF71 /* ManagmentViewControllers */ = {
			isa = PBXGroup;
			children = (
				288FE8F41F1820B600C8DF71 /* DataManagmentViewController.swift */,
				288FE8FF1F18382600C8DF71 /* CarManagmentViewController.swift */,
				288FE9011F18383C00C8DF71 /* OwnerManagmentViewController.swift */,
			);
			name = ManagmentViewControllers;
			sourceTree = "<group>";
		};
		9C7E314BCDDA3C967485F161 /* Pods */ = {
			isa = PBXGroup;
			children = (
				B3196711C0CA6FCBEC5CBA32 /* Pods-TransportTest.debug.xcconfig */,
				EE32270CC46E280DCB2B209C /* Pods-TransportTest.release.xcconfig */,
			);
			name = Pods;
			sourceTree = "<group>";
		};
/* End PBXGroup section */

/* Begin PBXNativeTarget section */
		288FE89A1F16653A00C8DF71 /* TransportTest */ = {
			isa = PBXNativeTarget;
			buildConfigurationList = 288FE8AD1F16653A00C8DF71 /* Build configuration list for PBXNativeTarget "TransportTest" */;
			buildPhases = (
				FEE2359EE88F69BFA871EE95 /* [CP] Check Pods Manifest.lock */,
				288FE8971F16653A00C8DF71 /* Sources */,
				288FE8981F16653A00C8DF71 /* Frameworks */,
				288FE8991F16653A00C8DF71 /* Resources */,
				43CBA77C33E96BC8D53F2352 /* [CP] Embed Pods Frameworks */,
				78F81D77C49508FAE36DBBE7 /* [CP] Copy Pods Resources */,
			);
			buildRules = (
			);
			dependencies = (
			);
			name = TransportTest;
			productName = TransportTest;
			productReference = 288FE89B1F16653A00C8DF71 /* TransportTest.app */;
			productType = "com.apple.product-type.application";
		};
/* End PBXNativeTarget section */

/* Begin PBXProject section */
		288FE8931F16653A00C8DF71 /* Project object */ = {
			isa = PBXProject;
			attributes = {
				LastSwiftUpdateCheck = 0820;
				LastUpgradeCheck = 0820;
				ORGANIZATIONNAME = "avksentiev5@icloud.com";
				TargetAttributes = {
					288FE89A1F16653A00C8DF71 = {
						CreatedOnToolsVersion = 8.2.1;
						DevelopmentTeam = J99EE54VMG;
						LastSwiftMigration = 0820;
						ProvisioningStyle = Automatic;
					};
				};
			};
			buildConfigurationList = 288FE8961F16653A00C8DF71 /* Build configuration list for PBXProject "TransportTest" */;
			compatibilityVersion = "Xcode 3.2";
			developmentRegion = English;
			hasScannedForEncodings = 0;
			knownRegions = (
				en,
				Base,
			);
			mainGroup = 288FE8921F16653A00C8DF71;
			productRefGroup = 288FE89C1F16653A00C8DF71 /* Products */;
			projectDirPath = "";
			projectRoot = "";
			targets = (
				288FE89A1F16653A00C8DF71 /* TransportTest */,
			);
		};
/* End PBXProject section */

/* Begin PBXResourcesBuildPhase section */
		288FE8991F16653A00C8DF71 /* Resources */ = {
			isa = PBXResourcesBuildPhase;
			buildActionMask = 2147483647;
			files = (
				288FE8A91F16653A00C8DF71 /* LaunchScreen.storyboard in Resources */,
				288FE8D31F16EEBD00C8DF71 /* transport.sqlite in Resources */,
				288FE8E61F17FB8100C8DF71 /* CarTableViewCell.xib in Resources */,
				288FE8A61F16653A00C8DF71 /* Assets.xcassets in Resources */,
				288FE8A41F16653A00C8DF71 /* Main.storyboard in Resources */,
				288FE8EE1F17FBDC00C8DF71 /* OwnerTableViewCell.xib in Resources */,
			);
			runOnlyForDeploymentPostprocessing = 0;
		};
/* End PBXResourcesBuildPhase section */

/* Begin PBXShellScriptBuildPhase section */
		43CBA77C33E96BC8D53F2352 /* [CP] Embed Pods Frameworks */ = {
			isa = PBXShellScriptBuildPhase;
			buildActionMask = 2147483647;
			files = (
			);
			inputPaths = (
			);
			name = "[CP] Embed Pods Frameworks";
			outputPaths = (
			);
			runOnlyForDeploymentPostprocessing = 0;
			shellPath = /bin/sh;
			shellScript = "\"${SRCROOT}/Pods/Target Support Files/Pods-TransportTest/Pods-TransportTest-frameworks.sh\"\n";
			showEnvVarsInLog = 0;
		};
		78F81D77C49508FAE36DBBE7 /* [CP] Copy Pods Resources */ = {
			isa = PBXShellScriptBuildPhase;
			buildActionMask = 2147483647;
			files = (
			);
			inputPaths = (
			);
			name = "[CP] Copy Pods Resources";
			outputPaths = (
			);
			runOnlyForDeploymentPostprocessing = 0;
			shellPath = /bin/sh;
			shellScript = "\"${SRCROOT}/Pods/Target Support Files/Pods-TransportTest/Pods-TransportTest-resources.sh\"\n";
			showEnvVarsInLog = 0;
		};
		FEE2359EE88F69BFA871EE95 /* [CP] Check Pods Manifest.lock */ = {
			isa = PBXShellScriptBuildPhase;
			buildActionMask = 2147483647;
			files = (
			);
			inputPaths = (
			);
			name = "[CP] Check Pods Manifest.lock";
			outputPaths = (
			);
			runOnlyForDeploymentPostprocessing = 0;
			shellPath = /bin/sh;
			shellScript = "diff \"${PODS_ROOT}/../Podfile.lock\" \"${PODS_ROOT}/Manifest.lock\" > /dev/null\nif [ $? != 0 ] ; then\n    # print error to STDERR\n    echo \"error: The sandbox is not in sync with the Podfile.lock. Run 'pod install' or update your CocoaPods installation.\" >&2\n    exit 1\nfi\n";
			showEnvVarsInLog = 0;
		};
/* End PBXShellScriptBuildPhase section */

/* Begin PBXSourcesBuildPhase section */
		288FE8971F16653A00C8DF71 /* Sources */ = {
			isa = PBXSourcesBuildPhase;
			buildActionMask = 2147483647;
			files = (
				288FE8DC1F17B0FA00C8DF71 /* BaseEntity.swift in Sources */,
				288FE9021F18383C00C8DF71 /* OwnerManagmentViewController.swift in Sources */,
				288FE8DA1F17AFCD00C8DF71 /* OwnersDataSource.swift in Sources */,
				288FE8E51F17FB8100C8DF71 /* CarTableViewCell.swift in Sources */,
				288FE9001F18382600C8DF71 /* CarManagmentViewController.swift in Sources */,
				288FE8BA1F1676E700C8DF71 /* OwnerEntity.swift in Sources */,
				288FE8F21F17FD6900C8DF71 /* OwnersViewController.swift in Sources */,
				288FE8FE1F182F1A00C8DF71 /* DatabaseUtilities.swift in Sources */,
				288FE8D61F177D1300C8DF71 /* BaseDataSource.swift in Sources */,
				288FE8D81F17AFBC00C8DF71 /* CarsDataSource.swift in Sources */,
				288FE9041F18448100C8DF71 /* StoryboardUtilities.swift in Sources */,
				288FE8DE1F17EAE400C8DF71 /* BaseViewController.swift in Sources */,
				288FE8F51F1820B600C8DF71 /* DataManagmentViewController.swift in Sources */,
				288FE8B81F1676DC00C8DF71 /* CarEntity.swift in Sources */,
				288FE8C11F167C7600C8DF71 /* DatabaseMethods.swift in Sources */,
				288FE89F1F16653A00C8DF71 /* AppDelegate.swift in Sources */,
				288FE8F81F18214A00C8DF71 /* DataViewController.swift in Sources */,
				288FE8ED1F17FBDC00C8DF71 /* OwnerTableViewCell.swift in Sources */,
				288FE8B51F1676B500C8DF71 /* DatabaseManager.swift in Sources */,
				288FE8F01F17FD5000C8DF71 /* CarsViewController.swift in Sources */,
			);
			runOnlyForDeploymentPostprocessing = 0;
		};
/* End PBXSourcesBuildPhase section */

/* Begin PBXVariantGroup section */
		288FE8A21F16653A00C8DF71 /* Main.storyboard */ = {
			isa = PBXVariantGroup;
			children = (
				288FE8A31F16653A00C8DF71 /* Base */,
			);
			name = Main.storyboard;
			sourceTree = "<group>";
		};
		288FE8A71F16653A00C8DF71 /* LaunchScreen.storyboard */ = {
			isa = PBXVariantGroup;
			children = (
				288FE8A81F16653A00C8DF71 /* Base */,
			);
			name = LaunchScreen.storyboard;
			sourceTree = "<group>";
		};
/* End PBXVariantGroup section */

/* Begin XCBuildConfiguration section */
		288FE8AB1F16653A00C8DF71 /* Debug */ = {
			isa = XCBuildConfiguration;
			buildSettings = {
				ALWAYS_SEARCH_USER_PATHS = NO;
				CLANG_ANALYZER_NONNULL = YES;
				CLANG_CXX_LANGUAGE_STANDARD = "gnu++0x";
				CLANG_CXX_LIBRARY = "libc++";
				CLANG_ENABLE_MODULES = YES;
				CLANG_ENABLE_OBJC_ARC = YES;
				CLANG_WARN_BOOL_CONVERSION = YES;
				CLANG_WARN_CONSTANT_CONVERSION = YES;
				CLANG_WARN_DIRECT_OBJC_ISA_USAGE = YES_ERROR;
				CLANG_WARN_DOCUMENTATION_COMMENTS = YES;
				CLANG_WARN_EMPTY_BODY = YES;
				CLANG_WARN_ENUM_CONVERSION = YES;
				CLANG_WARN_INFINITE_RECURSION = YES;
				CLANG_WARN_INT_CONVERSION = YES;
				CLANG_WARN_OBJC_ROOT_CLASS = YES_ERROR;
				CLANG_WARN_SUSPICIOUS_MOVE = YES;
				CLANG_WARN_UNREACHABLE_CODE = YES;
				CLANG_WARN__DUPLICATE_METHOD_MATCH = YES;
				"CODE_SIGN_IDENTITY[sdk=iphoneos*]" = "iPhone Developer";
				COPY_PHASE_STRIP = NO;
				DEBUG_INFORMATION_FORMAT = dwarf;
				ENABLE_STRICT_OBJC_MSGSEND = YES;
				ENABLE_TESTABILITY = YES;
				GCC_C_LANGUAGE_STANDARD = gnu99;
				GCC_DYNAMIC_NO_PIC = NO;
				GCC_NO_COMMON_BLOCKS = YES;
				GCC_OPTIMIZATION_LEVEL = 0;
				GCC_PREPROCESSOR_DEFINITIONS = (
					"DEBUG=1",
					"$(inherited)",
				);
				GCC_WARN_64_TO_32_BIT_CONVERSION = YES;
				GCC_WARN_ABOUT_RETURN_TYPE = YES_ERROR;
				GCC_WARN_UNDECLARED_SELECTOR = YES;
				GCC_WARN_UNINITIALIZED_AUTOS = YES_AGGRESSIVE;
				GCC_WARN_UNUSED_FUNCTION = YES;
				GCC_WARN_UNUSED_VARIABLE = YES;
				IPHONEOS_DEPLOYMENT_TARGET = 10.2;
				MTL_ENABLE_DEBUG_INFO = YES;
				ONLY_ACTIVE_ARCH = YES;
				SDKROOT = iphoneos;
				SWIFT_ACTIVE_COMPILATION_CONDITIONS = DEBUG;
				SWIFT_OPTIMIZATION_LEVEL = "-Onone";
			};
			name = Debug;
		};
		288FE8AC1F16653A00C8DF71 /* Release */ = {
			isa = XCBuildConfiguration;
			buildSettings = {
				ALWAYS_SEARCH_USER_PATHS = NO;
				CLANG_ANALYZER_NONNULL = YES;
				CLANG_CXX_LANGUAGE_STANDARD = "gnu++0x";
				CLANG_CXX_LIBRARY = "libc++";
				CLANG_ENABLE_MODULES = YES;
				CLANG_ENABLE_OBJC_ARC = YES;
				CLANG_WARN_BOOL_CONVERSION = YES;
				CLANG_WARN_CONSTANT_CONVERSION = YES;
				CLANG_WARN_DIRECT_OBJC_ISA_USAGE = YES_ERROR;
				CLANG_WARN_DOCUMENTATION_COMMENTS = YES;
				CLANG_WARN_EMPTY_BODY = YES;
				CLANG_WARN_ENUM_CONVERSION = YES;
				CLANG_WARN_INFINITE_RECURSION = YES;
				CLANG_WARN_INT_CONVERSION = YES;
				CLANG_WARN_OBJC_ROOT_CLASS = YES_ERROR;
				CLANG_WARN_SUSPICIOUS_MOVE = YES;
				CLANG_WARN_UNREACHABLE_CODE = YES;
				CLANG_WARN__DUPLICATE_METHOD_MATCH = YES;
				"CODE_SIGN_IDENTITY[sdk=iphoneos*]" = "iPhone Developer";
				COPY_PHASE_STRIP = NO;
				DEBUG_INFORMATION_FORMAT = "dwarf-with-dsym";
				ENABLE_NS_ASSERTIONS = NO;
				ENABLE_STRICT_OBJC_MSGSEND = YES;
				GCC_C_LANGUAGE_STANDARD = gnu99;
				GCC_NO_COMMON_BLOCKS = YES;
				GCC_WARN_64_TO_32_BIT_CONVERSION = YES;
				GCC_WARN_ABOUT_RETURN_TYPE = YES_ERROR;
				GCC_WARN_UNDECLARED_SELECTOR = YES;
				GCC_WARN_UNINITIALIZED_AUTOS = YES_AGGRESSIVE;
				GCC_WARN_UNUSED_FUNCTION = YES;
				GCC_WARN_UNUSED_VARIABLE = YES;
				IPHONEOS_DEPLOYMENT_TARGET = 10.2;
				MTL_ENABLE_DEBUG_INFO = NO;
				SDKROOT = iphoneos;
				SWIFT_OPTIMIZATION_LEVEL = "-Owholemodule";
				VALIDATE_PRODUCT = YES;
			};
			name = Release;
		};
		288FE8AE1F16653A00C8DF71 /* Debug */ = {
			isa = XCBuildConfiguration;
			baseConfigurationReference = B3196711C0CA6FCBEC5CBA32 /* Pods-TransportTest.debug.xcconfig */;
			buildSettings = {
				ASSETCATALOG_COMPILER_APPICON_NAME = AppIcon;
				CLANG_ENABLE_MODULES = YES;
				DEVELOPMENT_TEAM = J99EE54VMG;
				INFOPLIST_FILE = TransportTest/Info.plist;
				LD_RUNPATH_SEARCH_PATHS = "$(inherited) @executable_path/Frameworks";
				PRODUCT_BUNDLE_IDENTIFIER = maksimavksentev.TransportTest;
				PRODUCT_NAME = "$(TARGET_NAME)";
				SWIFT_OBJC_BRIDGING_HEADER = "TransportTest-Bridging-Header.h";
				SWIFT_OPTIMIZATION_LEVEL = "-Onone";
				SWIFT_VERSION = 3.0;
			};
			name = Debug;
		};
		288FE8AF1F16653A00C8DF71 /* Release */ = {
			isa = XCBuildConfiguration;
			baseConfigurationReference = EE32270CC46E280DCB2B209C /* Pods-TransportTest.release.xcconfig */;
			buildSettings = {
				ASSETCATALOG_COMPILER_APPICON_NAME = AppIcon;
				CLANG_ENABLE_MODULES = YES;
				DEVELOPMENT_TEAM = J99EE54VMG;
				INFOPLIST_FILE = TransportTest/Info.plist;
				LD_RUNPATH_SEARCH_PATHS = "$(inherited) @executable_path/Frameworks";
				PRODUCT_BUNDLE_IDENTIFIER = maksimavksentev.TransportTest;
				PRODUCT_NAME = "$(TARGET_NAME)";
				SWIFT_OBJC_BRIDGING_HEADER = "TransportTest-Bridging-Header.h";
				SWIFT_VERSION = 3.0;
			};
			name = Release;
		};
/* End XCBuildConfiguration section */

/* Begin XCConfigurationList section */
		288FE8961F16653A00C8DF71 /* Build configuration list for PBXProject "TransportTest" */ = {
			isa = XCConfigurationList;
			buildConfigurations = (
				288FE8AB1F16653A00C8DF71 /* Debug */,
				288FE8AC1F16653A00C8DF71 /* Release */,
			);
			defaultConfigurationIsVisible = 0;
			defaultConfigurationName = Release;
		};
		288FE8AD1F16653A00C8DF71 /* Build configuration list for PBXNativeTarget "TransportTest" */ = {
			isa = XCConfigurationList;
			buildConfigurations = (
				288FE8AE1F16653A00C8DF71 /* Debug */,
				288FE8AF1F16653A00C8DF71 /* Release */,
			);
			defaultConfigurationIsVisible = 0;
			defaultConfigurationName = Release;
		};
/* End XCConfigurationList section */
	};
	rootObject = 288FE8931F16653A00C8DF71 /* Project object */;
}
